
Microsoft Visual Studio Solution File, Format Version 12.00
# Visual Studio Version 16
VisualStudioVersion = 16.0.30621.155
MinimumVisualStudioVersion = 10.0.40219.1
Project("{FAE04EC0-301F-11D3-BF4B-00C04F79EFBC}") = "Containerschip", "Containerschip\Containerschip.csproj", "{148DAC5C-384A-4B31-8ACD-7E18FAD7DC5B}"
EndProject
Global
	GlobalSection(SolutionConfigurationPlatforms) = preSolution
		Debug|Any CPU = Debug|Any CPU
		Release|Any CPU = Release|Any CPU
	EndGlobalSection
	GlobalSection(ProjectConfigurationPlatforms) = postSolution
		{148DAC5C-384A-4B31-8ACD-7E18FAD7DC5B}.Debug|Any CPU.ActiveCfg = Debug|Any CPU
		{148DAC5C-384A-4B31-8ACD-7E18FAD7DC5B}.Debug|Any CPU.Build.0 = Debug|Any CPU
		{148DAC5C-384A-4B31-8ACD-7E18FAD7DC5B}.Release|Any CPU.ActiveCfg = Release|Any CPU
		{148DAC5C-384A-4B31-8ACD-7E18FAD7DC5B}.Release|Any CPU.Build.0 = Release|Any CPU
	EndGlobalSection
	GlobalSection(SolutionProperties) = preSolution
		HideSolutionNode = FALSE
	EndGlobalSection
	GlobalSection(ExtensibilityGlobals) = postSolution
		SolutionGuid = {02780EF5-7A4A-4866-86F9-F0051877756B}
	EndGlobalSection
EndGlobal
